
Microsoft Visual Studio Solution File, Format Version 12.00
# Visual Studio Version 16
VisualStudioVersion = 16.0.29806.167
MinimumVisualStudioVersion = 10.0.40219.1
Project("{FAE04EC0-301F-11D3-BF4B-00C04F79EFBC}") = "myApp", "myApp\myApp.csproj", "{36F0D655-C831-4B58-AEFD-6E8CD1A84DAB}"
EndProject
Global
	GlobalSection(SolutionConfigurationPlatforms) = preSolution
		Debug|Any CPU = Debug|Any CPU
		Release|Any CPU = Release|Any CPU
	EndGlobalSection
	GlobalSection(ProjectConfigurationPlatforms) = postSolution
		{36F0D655-C831-4B58-AEFD-6E8CD1A84DAB}.Debug|Any CPU.ActiveCfg = Debug|Any CPU
		{36F0D655-C831-4B58-AEFD-6E8CD1A84DAB}.Debug|Any CPU.Build.0 = Debug|Any CPU
		{36F0D655-C831-4B58-AEFD-6E8CD1A84DAB}.Release|Any CPU.ActiveCfg = Release|Any CPU
		{36F0D655-C831-4B58-AEFD-6E8CD1A84DAB}.Release|Any CPU.Build.0 = Release|Any CPU
	EndGlobalSection
	GlobalSection(SolutionProperties) = preSolution
		HideSolutionNode = FALSE
	EndGlobalSection
	GlobalSection(ExtensibilityGlobals) = postSolution
		SolutionGuid = {47BBCF74-BA51-4D70-83A7-A2334B694A47}
	EndGlobalSection
EndGlobal
